{"corridors":[{"corridor_definition_signers":["did:key:z6Mki2fRvAkttpVBJc9v9Xzjaeed4nNwYdRYqsNez6QQeG6L"],"corridor_definition_vc_sha256":"35f1eee8e0b68be34a69cfd3076049e60b69822662865712c4f97084fb64e325","corridor_id":"org.momentum.mez.corridor.swift.iso20022-cross-border","corridor_manifest_sha256":"c37c6e9da978a5ae52c646f1b68fd4d09bf0d5e80033dd95e923110b3a7abe3d","key_rotation_sha256":"0b6f2a8380a474fe14ffc425d1bf08028d7b99b396188ab3462153fadba3b08d","trust_anchors_sha256":"8e793bbd40132c566c729e71874f672c927732dfd760387d9298a49ace629aa6"}],"generated_at":"2025-12-24T02:24:14Z","lawpacks":[{"as_of_date":"2025-01-01","domain":"civil","jurisdiction_id":"ex","lawpack_artifact_path":"dist/artifacts/lawpack/1de4d5d9922ef9c0caba67bbeb2d98d125fc5c2b456c62a7c1f2a56b97c713b8.lawpack.zip","lawpack_digest_sha256":"1de4d5d9922ef9c0caba67bbeb2d98d125fc5c2b456c62a7c1f2a56b97c713b8","lawpack_lock_path":"modules/legal/jurisdictions/ex/civil/lawpack.lock.json","lawpack_lock_sha256":"08fc8344a735b5f5974301729fc2a42110aae4544e26d995d8c5d74cd738e2be"},{"as_of_date":"2025-01-01","domain":"financial","jurisdiction_id":"ex","lawpack_artifact_path":"dist/artifacts/lawpack/e45e1acac2751e01453603bbe842a41ba276a9e879543fad70a8829abf470971.lawpack.zip","lawpack_digest_sha256":"e45e1acac2751e01453603bbe842a41ba276a9e879543fad70a8829abf470971","lawpack_lock_path":"modules/legal/jurisdictions/ex/financial/lawpack.lock.json","lawpack_lock_sha256":"52706f01e7907cab200e5f87519ff5709c54dcfed97cc84a37dd7fb80c038bcc"}],"modules":[{"content_sha256":"cc8cac20c0de7517f8c8ee5194749c762890fbd3734f752035791d566c138a3e","manifest_sha256":"84ada3e399679cf9cea8bc4ac88895df06f839effd14fa20203d938c5e79cb5d","module_id":"org.momentum.mez.legal.core","params":{},"provides":[{"interface":"mez.legal.akn.v1","media_type":"application/xml","path":"src/akn/"}],"variant":"commonlaw-minimal","version":"0.1.0"},{"content_sha256":"4acda430f43dbb41bdb015d4aa72c93515fec3232967af348365af5298ed50dc","manifest_sha256":"39daa2fae0734615361d076c6da83750601eb015d4f4b84b427e5303034d55d7","module_id":"org.momentum.mez.reg.aml-cft","params":{"kyc_tier_required":2,"max_amount_without_enhanced_due_diligence":10000},"provides":[{"interface":"mez.policy.opa.v1","media_type":"text/plain","path":"src/policy/"}],"variant":"risk-based","version":"0.1.0"},{"content_sha256":"ee433f0b67bcd9e0dde58c9ff955d6adf8040fc61f0c6cb4c7f4ac835bf292a5","manifest_sha256":"5ae8a0c2a42f9bb65447294509a49d6763b9371fb6a78c0fa7b07d2663279cc5","module_id":"org.momentum.mez.fin.payments-adapter","params":{},"provides":[{"interface":"mez.fin.payments-adapter.v1","media_type":"text/markdown","path":"spec/"}],"variant":"iso20022-mapping","version":"0.1.0"},{"content_sha256":"ad37dee2d595f08a41dfcd80900ca856287241429e7490217333d80ac04c5cb6","manifest_sha256":"bc64dc5da20c0851d627f0055623c2b53f2c507c455b4b46f0b1da2671925d0c","module_id":"org.momentum.mez.corridor.swift","params":{},"provides":[{"interface":"mez.corridor.trust-anchors.v1","media_type":"application/yaml","path":"trust-anchors.yaml"},{"interface":"mez.corridor.key-rotation.v1","media_type":"application/yaml","path":"key-rotation.yaml"},{"interface":"mez.corridor.manifest.v1","media_type":"application/yaml","path":"corridor.yaml"},{"interface":"mez.corridor.required-attestations.v1","media_type":"application/yaml","path":"required-attestations.yaml"},{"interface":"mez.corridor.playbook.v1","media_type":"text/markdown","path":"docs/playbook.md"},{"interface":"mez.corridor.tradeoffs.v1","media_type":"text/markdown","path":"docs/tradeoffs.md"},{"interface":"mez.corridor.vc.definition.v1","media_type":"application/vc+json","path":"corridor.vc.json"}],"variant":"iso20022-cross-border","version":"0.1.0"}],"overlays":[],"profile":{"profile_id":"org.momentum.mez.profile.digital-financial-center","version":"0.4.44"},"stack_spec_version":"0.4.44","zone_id":"org.momentum.mez.zone.example"}
