{"corridors":[{"corridor_id":"org.momentum.mez.corridor.swift.iso20022-cross-border","corridor_manifest_sha256":"e9c7c30236646becc0b4f413e912534f1980a6e61e1aa7bd524018e6bb551fc5"}],"generated_at":"2026-02-19T00:00:00Z","lawpacks":[],"modules":[{"content_sha256":"9a8bbb6d970cf0ac92e944de42d79bff5363af6cd4ae1b270839e7414680beff","manifest_sha256":"82d0adc93a2e01d1a2181fb96b28dcb10eb0b386843eae6ef03303b757bf6b45","module_id":"org.momentum.mez.legal.core","params":{},"provides":[{"interface":"mez.legal.akn.v1","media_type":"application/xml","path":"src/akn/"}],"variant":"commonlaw-minimal","version":"0.1.0"},{"content_sha256":"ca4af63ca3a1679898ff8ec04099b86713fc590aa0e60a65a39471c70ca6a4e3","manifest_sha256":"6365279bf35cc89922ac875bbb4d03e7baa4ff20c4a5c6f7dbd0c4341ef29801","module_id":"org.momentum.mez.legal.akn-templates","params":{},"provides":[{"interface":"mez.legal.akn.templates.v1","media_type":"application/xml","path":"src/akn/"}],"variant":"default","version":"0.1.0"},{"content_sha256":"41d494c0ec2e3551b3800c0926633ed8c2fbd75e910516fdec7ea792c8047854","manifest_sha256":"6c3d3a17df6b6734d26d5b9d7152ef35c789cf3c3b66bc056f5b8ffa0a916a68","module_id":"org.momentum.mez.legal.enabling-act","params":{},"provides":[{"interface":"mez.legal.akn.act.v1","media_type":"application/xml","path":"src/akn/main.xml"},{"interface":"mez.policy.policy-to-code-map.v1","media_type":"application/yaml","path":"src/policy-to-code/map.yaml"}],"variant":"baseline","version":"0.2.0"},{"content_sha256":"cffc37643a31e2995f6aaefd8565ae38a4b3954636123e93d01e659c37e29701","manifest_sha256":"cfc09dd3b6651720870cee9f4aa74b118e03488a7e6ff00f40751ed6919c7c05","module_id":"org.momentum.mez.legal.authority-charter","params":{},"provides":[{"interface":"mez.legal.akn.act.v1","media_type":"application/xml","path":"src/akn/main.xml"},{"interface":"mez.policy.policy-to-code-map.v1","media_type":"application/yaml","path":"src/policy-to-code/map.yaml"}],"variant":"baseline","version":"0.2.0"},{"content_sha256":"09b95f8801812a38cd1128ecd21a044a78849c8b9238e7b5e74fcfba7dd4b8f9","manifest_sha256":"3be7b1e83d1e19e24041f61a5047c6c5984d5b33a3e278f83eafbcd5846c038f","module_id":"org.momentum.mez.legal.admin-procedure","params":{},"provides":[{"interface":"mez.legal.akn.act.v1","media_type":"application/xml","path":"src/akn/main.xml"},{"interface":"mez.policy.policy-to-code-map.v1","media_type":"application/yaml","path":"src/policy-to-code/map.yaml"}],"variant":"baseline","version":"0.2.0"},{"content_sha256":"2f62b8cb484b32e12f024381742802f9eb4c6ab4c5f6919c86a446f538f1588f","manifest_sha256":"4fbf6b572a1a74f9217014c097b8aea951c6827d8d6990002c7509c62c3f8798","module_id":"org.momentum.mez.legal.civil-code","params":{},"provides":[{"interface":"mez.legal.akn.act.v1","media_type":"application/xml","path":"src/akn/main.xml"},{"interface":"mez.policy.policy-to-code-map.v1","media_type":"application/yaml","path":"src/policy-to-code/map.yaml"}],"variant":"baseline","version":"0.2.0"},{"content_sha256":"af3805fb3c9000e01df955433a3c227d1ecfa34e23937e7e77d01f246d19319b","manifest_sha256":"ccedab4762fecdfa73e96c3fcd2a0a0acccbb04c2d7bce7daf356254520ac648","module_id":"org.momentum.mez.legal.commercial-code","params":{},"provides":[{"interface":"mez.legal.akn.act.v1","media_type":"application/xml","path":"src/akn/main.xml"},{"interface":"mez.policy.policy-to-code-map.v1","media_type":"application/yaml","path":"src/policy-to-code/map.yaml"}],"variant":"baseline","version":"0.2.0"},{"content_sha256":"e58aa4bfb9b0214dea0dc12cad48842679e37e46245575573aa4f20153f36844","manifest_sha256":"eca359898b1212bcdb915988feaa9b46a352c3230b640d5389062aa04ebd3ffa","module_id":"org.momentum.mez.legal.dispute-resolution","params":{},"provides":[{"interface":"mez.legal.akn.act.v1","media_type":"application/xml","path":"src/akn/main.xml"},{"interface":"mez.policy.policy-to-code-map.v1","media_type":"application/yaml","path":"src/policy-to-code/map.yaml"}],"variant":"baseline","version":"0.2.0"},{"content_sha256":"33bf2ba64a240db708578d3c44f3e1baf939ddd4142eb40963b0b5ea7c65c4af","manifest_sha256":"919e225a62a7bea9ed1a8360e0211b442394a2489583dd39214a938f6c588958","module_id":"org.momentum.mez.legal.entity-registry","params":{},"provides":[{"interface":"mez.legal.akn.act.v1","media_type":"application/xml","path":"src/akn/main.xml"},{"interface":"mez.policy.policy-to-code-map.v1","media_type":"application/yaml","path":"src/policy-to-code/map.yaml"}],"variant":"baseline","version":"0.2.0"},{"content_sha256":"530601283dd1f1ee9617a4de9ea5b142a64e39c3713fa9b03c38bda09520d5c3","manifest_sha256":"30add4da2343b2c7a4dbccd03a42ec1c6b112407966ba5840618287d7b648432","module_id":"org.momentum.mez.reg.aml-cft","params":{"kyc_tier_required":3,"max_amount_without_enhanced_due_diligence":3000},"provides":[{"interface":"mez.policy.opa.v1","media_type":"text/plain","path":"src/policy/"}],"variant":"risk-based","version":"0.1.0"},{"content_sha256":"7bcfef3682e40f67ffd1772ec9d5a8a30b2ef871b3b70348659104e7e9ce3583","manifest_sha256":"c359d7ad4efe4f8101f7149ad22d508a8346bdfe8882a91aec957251dd042b56","module_id":"org.momentum.mez.reg.fin-supervision","params":{},"provides":[{"interface":"mez.policy.opa.bundle.v1","media_type":"text/plain","path":"policy/"},{"interface":"mez.policy.policy-to-code-map.v1","media_type":"application/yaml","path":"src/policy-to-code/map.yaml"}],"variant":"baseline","version":"0.2.0"},{"content_sha256":"75e1b91ce0590a13b2af8a49b60380dd2af1153086bfe7b9c383a8071ea32e8b","manifest_sha256":"5a54cc3907a4aabfa03fe9aa55bf26ec0ce45b46d411d8e2e734760cb7d821a9","module_id":"org.momentum.mez.reg.sanctions","params":{},"provides":[{"interface":"mez.policy.opa.bundle.v1","media_type":"text/plain","path":"policy/"},{"interface":"mez.policy.policy-to-code-map.v1","media_type":"application/yaml","path":"src/policy-to-code/map.yaml"}],"variant":"national-list","version":"0.2.0"},{"content_sha256":"34da4287da40000f3dd983c67a5da766a108e1c5c7cb17882fc504e35a847179","manifest_sha256":"ae62cb1d54cbf00868fba420748ec2421b57c36a66343be4694ade7c01bc697e","module_id":"org.momentum.mez.reg.data-protection","params":{},"provides":[{"interface":"mez.policy.opa.bundle.v1","media_type":"text/plain","path":"policy/"},{"interface":"mez.policy.policy-to-code-map.v1","media_type":"application/yaml","path":"src/policy-to-code/map.yaml"}],"variant":"baseline","version":"0.2.0"},{"content_sha256":"04e65a6a6d2cde63eaf53a1541f9b6794fd31a5146158fbf143f0cf6641a4a6b","manifest_sha256":"397648d37a1ce2b1c4fee9072475d99be4bd3ee5024e09b217336b9031d7dbe2","module_id":"org.momentum.mez.reg.consumer-protection","params":{},"provides":[{"interface":"mez.policy.opa.bundle.v1","media_type":"text/plain","path":"policy/"},{"interface":"mez.policy.policy-to-code-map.v1","media_type":"application/yaml","path":"src/policy-to-code/map.yaml"}],"variant":"baseline","version":"0.2.0"},{"content_sha256":"d2924772fe89e97362bb3bb51bfe93630fb04bb5340fb9e67c0cac0ab95fc258","manifest_sha256":"aeda1181b54360e0aa1adb0a85aac3ee27644fa9d8d8fc1fcba985d3068a31db","module_id":"org.momentum.mez.identity.core","params":{"identity_provider":"nadra","tax_authority":"fbr"},"provides":[{"interface":"mez.identity.did.v1","media_type":"application/json","path":"schemas/did-document.schema.json"},{"interface":"mez.identity.key.v1","media_type":"application/json","path":"schemas/key-binding.schema.json"},{"interface":"mez.policy.opa.bundle.v1","media_type":"text/plain","path":"policy/"}],"variant":"cnic-ntn","version":"0.1.0"},{"content_sha256":"335d9adcdbcdf786eb0a7b0b039a5ec4181dcf1367042d4dd7cd0c5cffa09171","manifest_sha256":"604d5d8b6ad9f3d0ade68091a9fd8111e65356e231ca79e7c8a5e388ff75a79b","module_id":"org.momentum.mez.identity.kyc-tiers","params":{},"provides":[{"interface":"mez.identity.kyc.tier-0.v1","media_type":"application/yaml","path":"tier-0-pseudonymous.yaml"},{"interface":"mez.identity.kyc.tier-1.v1","media_type":"application/yaml","path":"tier-1-basic.yaml"},{"interface":"mez.identity.kyc.tier-2.v1","media_type":"application/yaml","path":"tier-2-enhanced.yaml"},{"interface":"mez.identity.kyc.tier-3.v1","media_type":"application/yaml","path":"tier-3-institutional.yaml"},{"interface":"mez.identity.kyc.application.v1","media_type":"application/json","path":"forms/kyc-application.schema.json"},{"interface":"mez.policy.opa.bundle.v1","media_type":"text/plain","path":"policy/"}],"variant":"tier-3","version":"0.1.0"},{"content_sha256":"dea5f0ff97f994516549ddd68f9d71db8eccf700b13b187ff42664d27eecb108","manifest_sha256":"80f9761767df9cffd9224da37c0a4dc52505c4e7f1e0f7ef75d0c27b1a720b0b","module_id":"org.momentum.mez.fin.payments-adapter","params":{},"provides":[{"interface":"mez.fin.payments-adapter.v1","media_type":"text/markdown","path":"spec/"}],"variant":"iso20022-mapping","version":"0.1.0"},{"content_sha256":"1dc65b72c94c0f7718e83e64eccfe1a6d8b7596ced272135139732236a6df4f3","manifest_sha256":"f6454187deb9747ef03561de885b9fb14a0b73461cf76b672b834ce6dc64c46f","module_id":"org.momentum.mez.corporate.formation","params":{"corporate_registry":"secp"},"provides":[{"interface":"mez.corporate.formation.application.v1","media_type":"application/json","path":"forms/formation-application.schema.json"},{"interface":"mez.corporate.formation.workflows.v1","media_type":"application/yaml","path":"workflows/"},{"interface":"mez.corporate.formation.templates.v1","media_type":"application/yaml","path":"templates/"},{"interface":"mez.policy.opa.bundle.v1","media_type":"text/plain","path":"policy/"}],"variant":"baseline","version":"0.1.0"},{"content_sha256":"28e990eba1262a31884279d581f612567ddd74493bb76ad4194265ee84f1df5a","manifest_sha256":"c9a1acd6117fb6c10edf37e4d0e07bf626d9d038e7489c19db9cd98b3ba7414c","module_id":"org.momentum.mez.corporate.beneficial-ownership","params":{},"provides":[{"interface":"mez.corporate.ubo.declaration.v1","media_type":"application/json","path":"forms/ubo-declaration.schema.json"},{"interface":"mez.corporate.ubo.registry.v1","media_type":"application/json","path":"schemas/ubo-registry.schema.json"},{"interface":"mez.policy.opa.bundle.v1","media_type":"text/plain","path":"policy/"}],"variant":"baseline","version":"0.1.0"},{"content_sha256":"604dd963c7face84deffd3db3b2cd0133addae2a559a8c7503def00af365febb","manifest_sha256":"9bb34c61395c89e17386d1740c1b1c8f58e7fe06070b544cdb3f9a4db2baee63","module_id":"org.momentum.mez.ops.regulator-console","params":{},"provides":[{"interface":"mez.api.regulator-console.v1","media_type":"application/yaml","path":"api/regulator-console.openapi.yaml"},{"interface":"mez.policy.opa.bundle.v1","media_type":"text/plain","path":"policy/"},{"interface":"mez.audit.events.v1","media_type":"application/json","path":"schemas/audit-event.schema.json"}],"variant":"multi-regulator","version":"0.1.0"},{"content_sha256":"283d0af90b79f5f115da3ea6d1ce71c5c3e290de1da5b0cbb86837b716978c1f","manifest_sha256":"f5e599228ff52497290cb6d5fe154b10c871b138fb3579397197f8bf1f8f163c","module_id":"org.momentum.mez.ops.deployment-telemetry","params":{},"provides":[{"interface":"mez.ops.telemetry-event.v1","media_type":"application/json","path":"schemas/telemetry-event.schema.json"},{"interface":"mez.ops.docs.telemetry.v1","media_type":"text/markdown","path":"docs/overview.md"}],"variant":"baseline","version":"0.1.0"},{"content_sha256":"19e1ad61a70bf792c37ae528bbe6a899f9a2de3b4c6879e01b369b6a10888f61","manifest_sha256":"9594debfe3d6b5f20e9f2e5a871f2b926c49b86809e22b0a1f0cdd4edaf53d63","module_id":"org.momentum.mez.governance.core","params":{},"provides":[{"interface":"mez.gov.proposal.v1","media_type":"application/json","path":"schemas/proposal.schema.json"},{"interface":"mez.gov.vote.v1","media_type":"application/json","path":"schemas/vote.schema.json"},{"interface":"mez.gov.delegation.v1","media_type":"application/json","path":"schemas/delegation.schema.json"},{"interface":"mez.gov.tally.v1","media_type":"application/json","path":"schemas/tally.schema.json"},{"interface":"mez.gov.zk-eligibility-proof.v1","media_type":"application/json","path":"schemas/zk-eligibility-proof.schema.json"},{"interface":"mez.gov.docs.core.v1","media_type":"text/markdown","path":"docs/overview.md"}],"variant":"baseline","version":"0.1.0"},{"content_sha256":"30c8e5263dc5da03a614608b258ee90f19121ed107a07e3576b07f2ca27dbf8e","manifest_sha256":"7fc0660b31cca6641cf9e01b77574b7ed5794310541bbc62c9ffecb8027b82ac","module_id":"org.momentum.mez.corridor.swift","params":{},"provides":[{"interface":"mez.corridor.trust-anchors.v1","media_type":"application/yaml","path":"trust-anchors.yaml"},{"interface":"mez.corridor.key-rotation.v1","media_type":"application/yaml","path":"key-rotation.yaml"},{"interface":"mez.corridor.manifest.v1","media_type":"application/yaml","path":"corridor.yaml"},{"interface":"mez.corridor.required-attestations.v1","media_type":"application/yaml","path":"required-attestations.yaml"},{"interface":"mez.corridor.playbook.v1","media_type":"text/markdown","path":"docs/playbook.md"},{"interface":"mez.corridor.tradeoffs.v1","media_type":"text/markdown","path":"docs/tradeoffs.md"},{"interface":"mez.corridor.vc.definition.v1","media_type":"application/vc+json","path":"corridor.vc.json"}],"variant":"iso20022-cross-border","version":"0.1.0"},{"content_sha256":"3b521807c2b781bf31622fd9a0b492c70482b0ef18b9618a232ff0108cad6e49","manifest_sha256":"481ed4f3ca82fb1cbb9ddbd099edeaca3d692c63c8b09a84cbb7305bd631dbfe","module_id":"org.momentum.mez.corridor.stablecoin","params":{"max_single_transfer":1000000,"settlement_currency":"USD"},"provides":[{"interface":"mez.corridor.trust-anchors.v1","media_type":"application/yaml","path":"trust-anchors.yaml"},{"interface":"mez.corridor.key-rotation.v1","media_type":"application/yaml","path":"key-rotation.yaml"},{"interface":"mez.corridor.manifest.v1","media_type":"application/yaml","path":"corridor.yaml"},{"interface":"mez.corridor.required-attestations.v1","media_type":"application/yaml","path":"required-attestations.yaml"},{"interface":"mez.corridor.playbook.v1","media_type":"text/markdown","path":"docs/playbook.md"},{"interface":"mez.corridor.tradeoffs.v1","media_type":"text/markdown","path":"docs/tradeoffs.md"},{"interface":"mez.corridor.vc.definition.v1","media_type":"application/vc+json","path":"corridor.vc.json"}],"variant":"regulated-stablecoin","version":"0.1.0"}],"overlays":[],"profile":{"profile_id":"org.momentum.mez.profile.sovereign-govos","version":"0.4.44"},"regpacks":[{"as_of_date":"2026-01-15","domain":"financial","jurisdiction_id":"pk","regpack_digest_sha256":"444ddded8419d9dedf8344a54063d7cd80c0148338c78bbe77a47baa44dd392f"},{"as_of_date":"2026-01-15","domain":"sanctions","jurisdiction_id":"pk","regpack_digest_sha256":"e59056a2b9bdbf3e452857b1cbdc06b5cdff3e29f56de1e235475e8a4a57506f"}],"stack_spec_version":"0.4.44","zone_id":"org.momentum.mez.zone.pk-sifc"}
